
Microsoft Visual Studio Solution File, Format Version 12.00
# Visual Studio Version 17
VisualStudioVersion = 17.6.33723.286
MinimumVisualStudioVersion = 10.0.40219.1
Project("{FAE04EC0-301F-11D3-BF4B-00C04F79EFBC}") = "Melodias_Perfectas", "Melodias_Perfectas\Melodias_Perfectas.csproj", "{ECD5E940-A65A-40DF-AED5-95E2D83E798B}"
EndProject
Global
	GlobalSection(SolutionConfigurationPlatforms) = preSolution
		Debug|Any CPU = Debug|Any CPU
		Release|Any CPU = Release|Any CPU
	EndGlobalSection
	GlobalSection(ProjectConfigurationPlatforms) = postSolution
		{ECD5E940-A65A-40DF-AED5-95E2D83E798B}.Debug|Any CPU.ActiveCfg = Debug|Any CPU
		{ECD5E940-A65A-40DF-AED5-95E2D83E798B}.Debug|Any CPU.Build.0 = Debug|Any CPU
		{ECD5E940-A65A-40DF-AED5-95E2D83E798B}.Release|Any CPU.ActiveCfg = Release|Any CPU
		{ECD5E940-A65A-40DF-AED5-95E2D83E798B}.Release|Any CPU.Build.0 = Release|Any CPU
	EndGlobalSection
	GlobalSection(SolutionProperties) = preSolution
		HideSolutionNode = FALSE
	EndGlobalSection
	GlobalSection(ExtensibilityGlobals) = postSolution
		SolutionGuid = {349957C5-1366-4AFF-B784-3E5AC899BA66}
	EndGlobalSection
EndGlobal
